// !$*UTF8*$!
{
	archiveVersion = 1;
	classes = {
	};
	objectVersion = 46;
	objects = {

/* Begin PBXBuildFile section */
		741A62B120703EDC00A8B933 /* GameBase.swift in Sources */ = {isa = PBXBuildFile; fileRef = 741A62B020703EDC00A8B933 /* GameBase.swift */; };
		741A62B320703F7600A8B933 /* Helpers.swift in Sources */ = {isa = PBXBuildFile; fileRef = 741A62B220703F7600A8B933 /* Helpers.swift */; };
		7435CB8C2015039A00E9361C /* hit.mp3 in Resources */ = {isa = PBXBuildFile; fileRef = 7435CB882015039A00E9361C /* hit.mp3 */; };
		7435CB8D2015039A00E9361C /* pop.mp3 in Resources */ = {isa = PBXBuildFile; fileRef = 7435CB892015039A00E9361C /* pop.mp3 */; };
		7435CB8E2015039A00E9361C /* thud.mp3 in Resources */ = {isa = PBXBuildFile; fileRef = 7435CB8A2015039A00E9361C /* thud.mp3 */; };
		7435CB8F2015039A00E9361C /* trumpets.mp3 in Resources */ = {isa = PBXBuildFile; fileRef = 7435CB8B2015039A00E9361C /* trumpets.mp3 */; };
		743A5BD31AC349EA0008FAEF /* GameOverScene.swift in Sources */ = {isa = PBXBuildFile; fileRef = 743A5BD21AC349EA0008FAEF /* GameOverScene.swift */; };
		7441968F1B968DA000A7CE19 /* GameSceneTwo.swift in Sources */ = {isa = PBXBuildFile; fileRef = 7441968E1B968DA000A7CE19 /* GameSceneTwo.swift */; };
		744196911B96A70400A7CE19 /* SelectLevelScene.swift in Sources */ = {isa = PBXBuildFile; fileRef = 744196901B96A70400A7CE19 /* SelectLevelScene.swift */; };
		7441E4B220744DCB002B3E04 /* TimedGameBase.swift in Sources */ = {isa = PBXBuildFile; fileRef = 7441E4B120744DCB002B3E04 /* TimedGameBase.swift */; };
		7442CDF51BAF617800841AF2 /* SKLabelNodeButton.swift in Sources */ = {isa = PBXBuildFile; fileRef = 7442CDF41BAF617800841AF2 /* SKLabelNodeButton.swift */; };
		7442CDF71BAF6E1800841AF2 /* HE.png in Resources */ = {isa = PBXBuildFile; fileRef = 7442CDF61BAF6E1800841AF2 /* HE.png */; };
		744F86B51B7FA24700D9765A /* Arrow.png in Resources */ = {isa = PBXBuildFile; fileRef = 744F86B41B7FA24700D9765A /* Arrow.png */; };
		7451F8481B718DF400C6FEB2 /* LandscapePhotoPicker.swift in Sources */ = {isa = PBXBuildFile; fileRef = 7451F8471B718DF400C6FEB2 /* LandscapePhotoPicker.swift */; };
		7451F84A1B718E2500C6FEB2 /* Photos.framework in Frameworks */ = {isa = PBXBuildFile; fileRef = 7451F8491B718E2500C6FEB2 /* Photos.framework */; };
		746EC0A41AC0F59800A7DAD8 /* AppDelegate.swift in Sources */ = {isa = PBXBuildFile; fileRef = 746EC0A31AC0F59800A7DAD8 /* AppDelegate.swift */; };
		746EC0A61AC0F59800A7DAD8 /* GameScene.sks in Resources */ = {isa = PBXBuildFile; fileRef = 746EC0A51AC0F59800A7DAD8 /* GameScene.sks */; };
		746EC0A81AC0F59800A7DAD8 /* GameScene.swift in Sources */ = {isa = PBXBuildFile; fileRef = 746EC0A71AC0F59800A7DAD8 /* GameScene.swift */; };
		746EC0AA1AC0F59800A7DAD8 /* GameViewController.swift in Sources */ = {isa = PBXBuildFile; fileRef = 746EC0A91AC0F59800A7DAD8 /* GameViewController.swift */; };
		746EC0AD1AC0F59800A7DAD8 /* Main.storyboard in Resources */ = {isa = PBXBuildFile; fileRef = 746EC0AB1AC0F59800A7DAD8 /* Main.storyboard */; };
		746EC0AF1AC0F59800A7DAD8 /* Images.xcassets in Resources */ = {isa = PBXBuildFile; fileRef = 746EC0AE1AC0F59800A7DAD8 /* Images.xcassets */; };
		746EC0B21AC0F59800A7DAD8 /* LaunchScreen.xib in Resources */ = {isa = PBXBuildFile; fileRef = 746EC0B01AC0F59800A7DAD8 /* LaunchScreen.xib */; };
		746EC0BE1AC0F59800A7DAD8 /* Ball_HeroTests.swift in Sources */ = {isa = PBXBuildFile; fileRef = 746EC0BD1AC0F59800A7DAD8 /* Ball_HeroTests.swift */; };
		746FDF341BAA844400A3CC4B /* GameKit.framework in Frameworks */ = {isa = PBXBuildFile; fileRef = 746FDF331BAA844400A3CC4B /* GameKit.framework */; };
		74871F691B2B5ECD00BA1953 /* StoreKit.framework in Frameworks */ = {isa = PBXBuildFile; fileRef = 74871F681B2B5ECD00BA1953 /* StoreKit.framework */; };
		748AFF461B586CEA00371291 /* StoreViewController.swift in Sources */ = {isa = PBXBuildFile; fileRef = 748AFF451B586CEA00371291 /* StoreViewController.swift */; };
		74913A461B72D09F009021C5 /* PhotoPickerHeaderView.swift in Sources */ = {isa = PBXBuildFile; fileRef = 74913A451B72D09F009021C5 /* PhotoPickerHeaderView.swift */; };
		74B2D7851B6876FD009F012F /* SettingScene.swift in Sources */ = {isa = PBXBuildFile; fileRef = 74B2D7841B6876FD009F012F /* SettingScene.swift */; };
		74D911881B98C8FD006EAEC3 /* GameSceneThree.swift in Sources */ = {isa = PBXBuildFile; fileRef = 74D911871B98C8FD006EAEC3 /* GameSceneThree.swift */; };
		74D9118A1B98E0CB006EAEC3 /* GameSceneFour.swift in Sources */ = {isa = PBXBuildFile; fileRef = 74D911891B98E0CB006EAEC3 /* GameSceneFour.swift */; };
/* End PBXBuildFile section */

/* Begin PBXContainerItemProxy section */
		746EC0B81AC0F59800A7DAD8 /* PBXContainerItemProxy */ = {
			isa = PBXContainerItemProxy;
			containerPortal = 746EC0961AC0F59800A7DAD8 /* Project object */;
			proxyType = 1;
			remoteGlobalIDString = 746EC09D1AC0F59800A7DAD8;
			remoteInfo = "Ball Hero";
		};
/* End PBXContainerItemProxy section */

/* Begin PBXFileReference section */
		741A62B020703EDC00A8B933 /* GameBase.swift */ = {isa = PBXFileReference; lastKnownFileType = sourcecode.swift; path = GameBase.swift; sourceTree = "<group>"; };
		741A62B220703F7600A8B933 /* Helpers.swift */ = {isa = PBXFileReference; lastKnownFileType = sourcecode.swift; path = Helpers.swift; sourceTree = "<group>"; };
		7435CB882015039A00E9361C /* hit.mp3 */ = {isa = PBXFileReference; lastKnownFileType = audio.mp3; path = hit.mp3; sourceTree = "<group>"; };
		7435CB892015039A00E9361C /* pop.mp3 */ = {isa = PBXFileReference; lastKnownFileType = audio.mp3; path = pop.mp3; sourceTree = "<group>"; };
		7435CB8A2015039A00E9361C /* thud.mp3 */ = {isa = PBXFileReference; lastKnownFileType = audio.mp3; path = thud.mp3; sourceTree = "<group>"; };
		7435CB8B2015039A00E9361C /* trumpets.mp3 */ = {isa = PBXFileReference; lastKnownFileType = audio.mp3; path = trumpets.mp3; sourceTree = "<group>"; };
		743A5BD21AC349EA0008FAEF /* GameOverScene.swift */ = {isa = PBXFileReference; fileEncoding = 4; lastKnownFileType = sourcecode.swift; path = GameOverScene.swift; sourceTree = "<group>"; };
		7441968E1B968DA000A7CE19 /* GameSceneTwo.swift */ = {isa = PBXFileReference; fileEncoding = 4; lastKnownFileType = sourcecode.swift; path = GameSceneTwo.swift; sourceTree = "<group>"; };
		744196901B96A70400A7CE19 /* SelectLevelScene.swift */ = {isa = PBXFileReference; fileEncoding = 4; lastKnownFileType = sourcecode.swift; path = SelectLevelScene.swift; sourceTree = "<group>"; };
		7441E4B120744DCB002B3E04 /* TimedGameBase.swift */ = {isa = PBXFileReference; lastKnownFileType = sourcecode.swift; path = TimedGameBase.swift; sourceTree = "<group>"; };
		7442CDF41BAF617800841AF2 /* SKLabelNodeButton.swift */ = {isa = PBXFileReference; fileEncoding = 4; lastKnownFileType = sourcecode.swift; path = SKLabelNodeButton.swift; sourceTree = "<group>"; };
		7442CDF61BAF6E1800841AF2 /* HE.png */ = {isa = PBXFileReference; lastKnownFileType = image.png; path = HE.png; sourceTree = "<group>"; };
		744F86B41B7FA24700D9765A /* Arrow.png */ = {isa = PBXFileReference; lastKnownFileType = image.png; path = Arrow.png; sourceTree = "<group>"; };
		7451F8471B718DF400C6FEB2 /* LandscapePhotoPicker.swift */ = {isa = PBXFileReference; fileEncoding = 4; lastKnownFileType = sourcecode.swift; path = LandscapePhotoPicker.swift; sourceTree = "<group>"; };
		7451F8491B718E2500C6FEB2 /* Photos.framework */ = {isa = PBXFileReference; lastKnownFileType = wrapper.framework; name = Photos.framework; path = System/Library/Frameworks/Photos.framework; sourceTree = SDKROOT; };
		746EC09E1AC0F59800A7DAD8 /* Ball Hero.app */ = {isa = PBXFileReference; explicitFileType = wrapper.application; includeInIndex = 0; path = "Ball Hero.app"; sourceTree = BUILT_PRODUCTS_DIR; };
		746EC0A21AC0F59800A7DAD8 /* Info.plist */ = {isa = PBXFileReference; lastKnownFileType = text.plist.xml; path = Info.plist; sourceTree = "<group>"; };
		746EC0A31AC0F59800A7DAD8 /* AppDelegate.swift */ = {isa = PBXFileReference; lastKnownFileType = sourcecode.swift; path = AppDelegate.swift; sourceTree = "<group>"; };
		746EC0A51AC0F59800A7DAD8 /* GameScene.sks */ = {isa = PBXFileReference; lastKnownFileType = file.sks; path = GameScene.sks; sourceTree = "<group>"; };
		746EC0A71AC0F59800A7DAD8 /* GameScene.swift */ = {isa = PBXFileReference; lastKnownFileType = sourcecode.swift; path = GameScene.swift; sourceTree = "<group>"; };
		746EC0A91AC0F59800A7DAD8 /* GameViewController.swift */ = {isa = PBXFileReference; lastKnownFileType = sourcecode.swift; path = GameViewController.swift; sourceTree = "<group>"; };
		746EC0AC1AC0F59800A7DAD8 /* Base */ = {isa = PBXFileReference; lastKnownFileType = file.storyboard; name = Base; path = Base.lproj/Main.storyboard; sourceTree = "<group>"; };
		746EC0AE1AC0F59800A7DAD8 /* Images.xcassets */ = {isa = PBXFileReference; lastKnownFileType = folder.assetcatalog; path = Images.xcassets; sourceTree = "<group>"; };
		746EC0B11AC0F59800A7DAD8 /* Base */ = {isa = PBXFileReference; lastKnownFileType = file.xib; name = Base; path = Base.lproj/LaunchScreen.xib; sourceTree = "<group>"; };
		746EC0B71AC0F59800A7DAD8 /* Ball HeroTests.xctest */ = {isa = PBXFileReference; explicitFileType = wrapper.cfbundle; includeInIndex = 0; path = "Ball HeroTests.xctest"; sourceTree = BUILT_PRODUCTS_DIR; };
		746EC0BC1AC0F59800A7DAD8 /* Info.plist */ = {isa = PBXFileReference; lastKnownFileType = text.plist.xml; path = Info.plist; sourceTree = "<group>"; };
		746EC0BD1AC0F59800A7DAD8 /* Ball_HeroTests.swift */ = {isa = PBXFileReference; lastKnownFileType = sourcecode.swift; path = Ball_HeroTests.swift; sourceTree = "<group>"; };
		746FDF331BAA844400A3CC4B /* GameKit.framework */ = {isa = PBXFileReference; lastKnownFileType = wrapper.framework; name = GameKit.framework; path = System/Library/Frameworks/GameKit.framework; sourceTree = SDKROOT; };
		74871F681B2B5ECD00BA1953 /* StoreKit.framework */ = {isa = PBXFileReference; lastKnownFileType = wrapper.framework; name = StoreKit.framework; path = System/Library/Frameworks/StoreKit.framework; sourceTree = SDKROOT; };
		748AFF451B586CEA00371291 /* StoreViewController.swift */ = {isa = PBXFileReference; fileEncoding = 4; lastKnownFileType = sourcecode.swift; path = StoreViewController.swift; sourceTree = "<group>"; };
		74913A451B72D09F009021C5 /* PhotoPickerHeaderView.swift */ = {isa = PBXFileReference; fileEncoding = 4; lastKnownFileType = sourcecode.swift; name = PhotoPickerHeaderView.swift; path = ../PhotoPickerHeaderView.swift; sourceTree = "<group>"; };
		74B2D7841B6876FD009F012F /* SettingScene.swift */ = {isa = PBXFileReference; fileEncoding = 4; lastKnownFileType = sourcecode.swift; path = SettingScene.swift; sourceTree = "<group>"; };
		74D911871B98C8FD006EAEC3 /* GameSceneThree.swift */ = {isa = PBXFileReference; fileEncoding = 4; lastKnownFileType = sourcecode.swift; path = GameSceneThree.swift; sourceTree = "<group>"; };
		74D911891B98E0CB006EAEC3 /* GameSceneFour.swift */ = {isa = PBXFileReference; fileEncoding = 4; lastKnownFileType = sourcecode.swift; path = GameSceneFour.swift; sourceTree = "<group>"; };
/* End PBXFileReference section */

/* Begin PBXFrameworksBuildPhase section */
		746EC09B1AC0F59800A7DAD8 /* Frameworks */ = {
			isa = PBXFrameworksBuildPhase;
			buildActionMask = 2147483647;
			files = (
				746FDF341BAA844400A3CC4B /* GameKit.framework in Frameworks */,
				7451F84A1B718E2500C6FEB2 /* Photos.framework in Frameworks */,
				74871F691B2B5ECD00BA1953 /* StoreKit.framework in Frameworks */,
			);
			runOnlyForDeploymentPostprocessing = 0;
		};
		746EC0B41AC0F59800A7DAD8 /* Frameworks */ = {
			isa = PBXFrameworksBuildPhase;
			buildActionMask = 2147483647;
			files = (
			);
			runOnlyForDeploymentPostprocessing = 0;
		};
/* End PBXFrameworksBuildPhase section */

/* Begin PBXGroup section */
		746EC0951AC0F59800A7DAD8 = {
			isa = PBXGroup;
			children = (
				746FDF331BAA844400A3CC4B /* GameKit.framework */,
				7451F8491B718E2500C6FEB2 /* Photos.framework */,
				74871F681B2B5ECD00BA1953 /* StoreKit.framework */,
				746EC0A01AC0F59800A7DAD8 /* Ball Hero */,
				746EC0BA1AC0F59800A7DAD8 /* Ball HeroTests */,
				746EC09F1AC0F59800A7DAD8 /* Products */,
			);
			sourceTree = "<group>";
		};
		746EC09F1AC0F59800A7DAD8 /* Products */ = {
			isa = PBXGroup;
			children = (
				746EC09E1AC0F59800A7DAD8 /* Ball Hero.app */,
				746EC0B71AC0F59800A7DAD8 /* Ball HeroTests.xctest */,
			);
			name = Products;
			sourceTree = "<group>";
		};
		746EC0A01AC0F59800A7DAD8 /* Ball Hero */ = {
			isa = PBXGroup;
			children = (
				746EC0A31AC0F59800A7DAD8 /* AppDelegate.swift */,
				741A62B020703EDC00A8B933 /* GameBase.swift */,
				7441E4B120744DCB002B3E04 /* TimedGameBase.swift */,
				741A62B220703F7600A8B933 /* Helpers.swift */,
				746EC0A51AC0F59800A7DAD8 /* GameScene.sks */,
				746EC0A91AC0F59800A7DAD8 /* GameViewController.swift */,
				746EC0A71AC0F59800A7DAD8 /* GameScene.swift */,
				7441968E1B968DA000A7CE19 /* GameSceneTwo.swift */,
				74D911871B98C8FD006EAEC3 /* GameSceneThree.swift */,
				74D911891B98E0CB006EAEC3 /* GameSceneFour.swift */,
				743A5BD21AC349EA0008FAEF /* GameOverScene.swift */,
				74B2D7841B6876FD009F012F /* SettingScene.swift */,
				744196901B96A70400A7CE19 /* SelectLevelScene.swift */,
				7451F8471B718DF400C6FEB2 /* LandscapePhotoPicker.swift */,
				74913A451B72D09F009021C5 /* PhotoPickerHeaderView.swift */,
				748AFF451B586CEA00371291 /* StoreViewController.swift */,
				7442CDF41BAF617800841AF2 /* SKLabelNodeButton.swift */,
				746EC0AB1AC0F59800A7DAD8 /* Main.storyboard */,
				746EC0AE1AC0F59800A7DAD8 /* Images.xcassets */,
				746EC0B01AC0F59800A7DAD8 /* LaunchScreen.xib */,
				746EC0A11AC0F59800A7DAD8 /* Supporting Files */,
			);
			path = "Ball Hero";
			sourceTree = "<group>";
		};
		746EC0A11AC0F59800A7DAD8 /* Supporting Files */ = {
			isa = PBXGroup;
			children = (
				7435CB882015039A00E9361C /* hit.mp3 */,
				7435CB892015039A00E9361C /* pop.mp3 */,
				7435CB8A2015039A00E9361C /* thud.mp3 */,
				7435CB8B2015039A00E9361C /* trumpets.mp3 */,
				7442CDF61BAF6E1800841AF2 /* HE.png */,
				744F86B41B7FA24700D9765A /* Arrow.png */,
				746EC0A21AC0F59800A7DAD8 /* Info.plist */,
			);
			name = "Supporting Files";
			sourceTree = "<group>";
		};
		746EC0BA1AC0F59800A7DAD8 /* Ball HeroTests */ = {
			isa = PBXGroup;
			children = (
				746EC0BD1AC0F59800A7DAD8 /* Ball_HeroTests.swift */,
				746EC0BB1AC0F59800A7DAD8 /* Supporting Files */,
			);
			path = "Ball HeroTests";
			sourceTree = "<group>";
		};
		746EC0BB1AC0F59800A7DAD8 /* Supporting Files */ = {
			isa = PBXGroup;
			children = (
				746EC0BC1AC0F59800A7DAD8 /* Info.plist */,
			);
			name = "Supporting Files";
			sourceTree = "<group>";
		};
/* End PBXGroup section */

/* Begin PBXNativeTarget section */
		746EC09D1AC0F59800A7DAD8 /* Ball Hero */ = {
			isa = PBXNativeTarget;
			buildConfigurationList = 746EC0C11AC0F59800A7DAD8 /* Build configuration list for PBXNativeTarget "Ball Hero" */;
			buildPhases = (
				746EC09A1AC0F59800A7DAD8 /* Sources */,
				746EC09B1AC0F59800A7DAD8 /* Frameworks */,
				746EC09C1AC0F59800A7DAD8 /* Resources */,
			);
			buildRules = (
			);
			dependencies = (
			);
			name = "Ball Hero";
			productName = "Ball Hero";
			productReference = 746EC09E1AC0F59800A7DAD8 /* Ball Hero.app */;
			productType = "com.apple.product-type.application";
		};
		746EC0B61AC0F59800A7DAD8 /* Ball HeroTests */ = {
			isa = PBXNativeTarget;
			buildConfigurationList = 746EC0C41AC0F59800A7DAD8 /* Build configuration list for PBXNativeTarget "Ball HeroTests" */;
			buildPhases = (
				746EC0B31AC0F59800A7DAD8 /* Sources */,
				746EC0B41AC0F59800A7DAD8 /* Frameworks */,
				746EC0B51AC0F59800A7DAD8 /* Resources */,
			);
			buildRules = (
			);
			dependencies = (
				746EC0B91AC0F59800A7DAD8 /* PBXTargetDependency */,
			);
			name = "Ball HeroTests";
			productName = "Ball HeroTests";
			productReference = 746EC0B71AC0F59800A7DAD8 /* Ball HeroTests.xctest */;
			productType = "com.apple.product-type.bundle.unit-test";
		};
/* End PBXNativeTarget section */

/* Begin PBXProject section */
		746EC0961AC0F59800A7DAD8 /* Project object */ = {
			isa = PBXProject;
			attributes = {
				LastSwiftMigration = 0700;
				LastSwiftUpdateCheck = 0710;
				LastUpgradeCheck = 0930;
				ORGANIZATIONNAME = "Hyper Elephant";
				TargetAttributes = {
					746EC09D1AC0F59800A7DAD8 = {
						CreatedOnToolsVersion = 6.2;
						DevelopmentTeam = J7826XAREP;
						LastSwiftMigration = 0920;
						SystemCapabilities = {
							com.apple.GameCenter = {
								enabled = 1;
							};
							com.apple.InAppPurchase = {
								enabled = 1;
							};
						};
					};
					746EC0B61AC0F59800A7DAD8 = {
						CreatedOnToolsVersion = 6.2;
						LastSwiftMigration = 0920;
						TestTargetID = 746EC09D1AC0F59800A7DAD8;
					};
				};
			};
			buildConfigurationList = 746EC0991AC0F59800A7DAD8 /* Build configuration list for PBXProject "Ball Hero" */;
			compatibilityVersion = "Xcode 3.2";
			developmentRegion = English;
			hasScannedForEncodings = 0;
			knownRegions = (
				en,
				Base,
			);
			mainGroup = 746EC0951AC0F59800A7DAD8;
			productRefGroup = 746EC09F1AC0F59800A7DAD8 /* Products */;
			projectDirPath = "";
			projectRoot = "";
			targets = (
				746EC09D1AC0F59800A7DAD8 /* Ball Hero */,
				746EC0B61AC0F59800A7DAD8 /* Ball HeroTests */,
			);
		};
/* End PBXProject section */

/* Begin PBXResourcesBuildPhase section */
		746EC09C1AC0F59800A7DAD8 /* Resources */ = {
			isa = PBXResourcesBuildPhase;
			buildActionMask = 2147483647;
			files = (
				7435CB8C2015039A00E9361C /* hit.mp3 in Resources */,
				7442CDF71BAF6E1800841AF2 /* HE.png in Resources */,
				7435CB8E2015039A00E9361C /* thud.mp3 in Resources */,
				744F86B51B7FA24700D9765A /* Arrow.png in Resources */,
				746EC0B21AC0F59800A7DAD8 /* LaunchScreen.xib in Resources */,
				7435CB8D2015039A00E9361C /* pop.mp3 in Resources */,
				746EC0AF1AC0F59800A7DAD8 /* Images.xcassets in Resources */,
				746EC0A61AC0F59800A7DAD8 /* GameScene.sks in Resources */,
				7435CB8F2015039A00E9361C /* trumpets.mp3 in Resources */,
				746EC0AD1AC0F59800A7DAD8 /* Main.storyboard in Resources */,
			);
			runOnlyForDeploymentPostprocessing = 0;
		};
		746EC0B51AC0F59800A7DAD8 /* Resources */ = {
			isa = PBXResourcesBuildPhase;
			buildActionMask = 2147483647;
			files = (
			);
			runOnlyForDeploymentPostprocessing = 0;
		};
/* End PBXResourcesBuildPhase section */

/* Begin PBXSourcesBuildPhase section */
		746EC09A1AC0F59800A7DAD8 /* Sources */ = {
			isa = PBXSourcesBuildPhase;
			buildActionMask = 2147483647;
			files = (
				741A62B120703EDC00A8B933 /* GameBase.swift in Sources */,
				7442CDF51BAF617800841AF2 /* SKLabelNodeButton.swift in Sources */,
				748AFF461B586CEA00371291 /* StoreViewController.swift in Sources */,
				744196911B96A70400A7CE19 /* SelectLevelScene.swift in Sources */,
				746EC0A81AC0F59800A7DAD8 /* GameScene.swift in Sources */,
				74913A461B72D09F009021C5 /* PhotoPickerHeaderView.swift in Sources */,
				7441E4B220744DCB002B3E04 /* TimedGameBase.swift in Sources */,
				746EC0AA1AC0F59800A7DAD8 /* GameViewController.swift in Sources */,
				74D911881B98C8FD006EAEC3 /* GameSceneThree.swift in Sources */,
				743A5BD31AC349EA0008FAEF /* GameOverScene.swift in Sources */,
				746EC0A41AC0F59800A7DAD8 /* AppDelegate.swift in Sources */,
				7451F8481B718DF400C6FEB2 /* LandscapePhotoPicker.swift in Sources */,
				74B2D7851B6876FD009F012F /* SettingScene.swift in Sources */,
				74D9118A1B98E0CB006EAEC3 /* GameSceneFour.swift in Sources */,
				741A62B320703F7600A8B933 /* Helpers.swift in Sources */,
				7441968F1B968DA000A7CE19 /* GameSceneTwo.swift in Sources */,
			);
			runOnlyForDeploymentPostprocessing = 0;
		};
		746EC0B31AC0F59800A7DAD8 /* Sources */ = {
			isa = PBXSourcesBuildPhase;
			buildActionMask = 2147483647;
			files = (
				746EC0BE1AC0F59800A7DAD8 /* Ball_HeroTests.swift in Sources */,
			);
			runOnlyForDeploymentPostprocessing = 0;
		};
/* End PBXSourcesBuildPhase section */

/* Begin PBXTargetDependency section */
		746EC0B91AC0F59800A7DAD8 /* PBXTargetDependency */ = {
			isa = PBXTargetDependency;
			target = 746EC09D1AC0F59800A7DAD8 /* Ball Hero */;
			targetProxy = 746EC0B81AC0F59800A7DAD8 /* PBXContainerItemProxy */;
		};
/* End PBXTargetDependency section */

/* Begin PBXVariantGroup section */
		746EC0AB1AC0F59800A7DAD8 /* Main.storyboard */ = {
			isa = PBXVariantGroup;
			children = (
				746EC0AC1AC0F59800A7DAD8 /* Base */,
			);
			name = Main.storyboard;
			sourceTree = "<group>";
		};
		746EC0B01AC0F59800A7DAD8 /* LaunchScreen.xib */ = {
			isa = PBXVariantGroup;
			children = (
				746EC0B11AC0F59800A7DAD8 /* Base */,
			);
			name = LaunchScreen.xib;
			sourceTree = "<group>";
		};
/* End PBXVariantGroup section */

/* Begin XCBuildConfiguration section */
		746EC0BF1AC0F59800A7DAD8 /* Debug */ = {
			isa = XCBuildConfiguration;
			buildSettings = {
				ALWAYS_SEARCH_USER_PATHS = NO;
				CLANG_CXX_LANGUAGE_STANDARD = "gnu++0x";
				CLANG_CXX_LIBRARY = "libc++";
				CLANG_ENABLE_MODULES = YES;
				CLANG_ENABLE_OBJC_ARC = YES;
				CLANG_WARN_BLOCK_CAPTURE_AUTORELEASING = YES;
				CLANG_WARN_BOOL_CONVERSION = YES;
				CLANG_WARN_COMMA = YES;
				CLANG_WARN_CONSTANT_CONVERSION = YES;
				CLANG_WARN_DEPRECATED_OBJC_IMPLEMENTATIONS = YES;
				CLANG_WARN_DIRECT_OBJC_ISA_USAGE = YES_ERROR;
				CLANG_WARN_EMPTY_BODY = YES;
				CLANG_WARN_ENUM_CONVERSION = YES;
				CLANG_WARN_INFINITE_RECURSION = YES;
				CLANG_WARN_INT_CONVERSION = YES;
				CLANG_WARN_NON_LITERAL_NULL_CONVERSION = YES;
				CLANG_WARN_OBJC_IMPLICIT_RETAIN_SELF = YES;
				CLANG_WARN_OBJC_LITERAL_CONVERSION = YES;
				CLANG_WARN_OBJC_ROOT_CLASS = YES_ERROR;
				CLANG_WARN_RANGE_LOOP_ANALYSIS = YES;
				CLANG_WARN_STRICT_PROTOTYPES = YES;
				CLANG_WARN_SUSPICIOUS_MOVE = YES;
				CLANG_WARN_UNREACHABLE_CODE = YES;
				CLANG_WARN__DUPLICATE_METHOD_MATCH = YES;
				CODE_SIGN_IDENTITY = "iPhone Distribution";
				"CODE_SIGN_IDENTITY[sdk=iphoneos*]" = "iPhone Distribution";
				COPY_PHASE_STRIP = NO;
				ENABLE_STRICT_OBJC_MSGSEND = YES;
				ENABLE_TESTABILITY = YES;
				GCC_C_LANGUAGE_STANDARD = gnu99;
				GCC_DYNAMIC_NO_PIC = NO;
				GCC_NO_COMMON_BLOCKS = YES;
				GCC_OPTIMIZATION_LEVEL = 0;
				GCC_PREPROCESSOR_DEFINITIONS = (
					"DEBUG=1",
					"$(inherited)",
				);
				GCC_SYMBOLS_PRIVATE_EXTERN = NO;
				GCC_WARN_64_TO_32_BIT_CONVERSION = YES;
				GCC_WARN_ABOUT_RETURN_TYPE = YES_ERROR;
				GCC_WARN_UNDECLARED_SELECTOR = YES;
				GCC_WARN_UNINITIALIZED_AUTOS = YES_AGGRESSIVE;
				GCC_WARN_UNUSED_FUNCTION = YES;
				GCC_WARN_UNUSED_VARIABLE = YES;
				IPHONEOS_DEPLOYMENT_TARGET = 8.4;
				MTL_ENABLE_DEBUG_INFO = YES;
				ONLY_ACTIVE_ARCH = YES;
				SDKROOT = iphoneos;
				SWIFT_OPTIMIZATION_LEVEL = "-Onone";
				TARGETED_DEVICE_FAMILY = "1,2";
			};
			name = Debug;
		};
		746EC0C01AC0F59800A7DAD8 /* Release */ = {
			isa = XCBuildConfiguration;
			buildSettings = {
				ALWAYS_SEARCH_USER_PATHS = NO;
				CLANG_CXX_LANGUAGE_STANDARD = "gnu++0x";
				CLANG_CXX_LIBRARY = "libc++";
				CLANG_ENABLE_MODULES = YES;
				CLANG_ENABLE_OBJC_ARC = YES;
				CLANG_WARN_BLOCK_CAPTURE_AUTORELEASING = YES;
				CLANG_WARN_BOOL_CONVERSION = YES;
				CLANG_WARN_COMMA = YES;
				CLANG_WARN_CONSTANT_CONVERSION = YES;
				CLANG_WARN_DEPRECATED_OBJC_IMPLEMENTATIONS = YES;
				CLANG_WARN_DIRECT_OBJC_ISA_USAGE = YES_ERROR;
				CLANG_WARN_EMPTY_BODY = YES;
				CLANG_WARN_ENUM_CONVERSION = YES;
				CLANG_WARN_INFINITE_RECURSION = YES;
				CLANG_WARN_INT_CONVERSION = YES;
				CLANG_WARN_NON_LITERAL_NULL_CONVERSION = YES;
				CLANG_WARN_OBJC_IMPLICIT_RETAIN_SELF = YES;
				CLANG_WARN_OBJC_LITERAL_CONVERSION = YES;
				CLANG_WARN_OBJC_ROOT_CLASS = YES_ERROR;
				CLANG_WARN_RANGE_LOOP_ANALYSIS = YES;
				CLANG_WARN_STRICT_PROTOTYPES = YES;
				CLANG_WARN_SUSPICIOUS_MOVE = YES;
				CLANG_WARN_UNREACHABLE_CODE = YES;
				CLANG_WARN__DUPLICATE_METHOD_MATCH = YES;
				CODE_SIGN_IDENTITY = "iPhone Distribution";
				"CODE_SIGN_IDENTITY[sdk=iphoneos*]" = "iPhone Distribution";
				COPY_PHASE_STRIP = NO;
				ENABLE_NS_ASSERTIONS = NO;
				ENABLE_STRICT_OBJC_MSGSEND = YES;
				GCC_C_LANGUAGE_STANDARD = gnu99;
				GCC_NO_COMMON_BLOCKS = YES;
				GCC_WARN_64_TO_32_BIT_CONVERSION = YES;
				GCC_WARN_ABOUT_RETURN_TYPE = YES_ERROR;
				GCC_WARN_UNDECLARED_SELECTOR = YES;
				GCC_WARN_UNINITIALIZED_AUTOS = YES_AGGRESSIVE;
				GCC_WARN_UNUSED_FUNCTION = YES;
				GCC_WARN_UNUSED_VARIABLE = YES;
				IPHONEOS_DEPLOYMENT_TARGET = 8.4;
				MTL_ENABLE_DEBUG_INFO = NO;
				SDKROOT = iphoneos;
				SWIFT_OPTIMIZATION_LEVEL = "-Owholemodule";
				TARGETED_DEVICE_FAMILY = "1,2";
				VALIDATE_PRODUCT = YES;
			};
			name = Release;
		};
		746EC0C21AC0F59800A7DAD8 /* Debug */ = {
			isa = XCBuildConfiguration;
			buildSettings = {
				ASSETCATALOG_COMPILER_APPICON_NAME = AppIcon;
				CODE_SIGN_IDENTITY = "iPhone Developer";
				"CODE_SIGN_IDENTITY[sdk=iphoneos*]" = "iPhone Developer";
				GCC_SYMBOLS_PRIVATE_EXTERN = YES;
				INFOPLIST_FILE = "Ball Hero/Info.plist";
				IPHONEOS_DEPLOYMENT_TARGET = 8.0;
				LD_RUNPATH_SEARCH_PATHS = "$(inherited) @executable_path/Frameworks";
				PRODUCT_BUNDLE_IDENTIFIER = "com.appityappapp.$(PRODUCT_NAME:rfc1034identifier)";
				PRODUCT_NAME = "$(TARGET_NAME)";
				PROVISIONING_PROFILE = "";
				SWIFT_SWIFT3_OBJC_INFERENCE = Default;
				SWIFT_VERSION = 4.0;
			};
			name = Debug;
		};
		746EC0C31AC0F59800A7DAD8 /* Release */ = {
			isa = XCBuildConfiguration;
			buildSettings = {
				ASSETCATALOG_COMPILER_APPICON_NAME = AppIcon;
				CODE_SIGN_IDENTITY = "iPhone Developer";
				"CODE_SIGN_IDENTITY[sdk=iphoneos*]" = "iPhone Developer";
				INFOPLIST_FILE = "Ball Hero/Info.plist";
				IPHONEOS_DEPLOYMENT_TARGET = 8.0;
				LD_RUNPATH_SEARCH_PATHS = "$(inherited) @executable_path/Frameworks";
				PRODUCT_BUNDLE_IDENTIFIER = "com.appityappapp.$(PRODUCT_NAME:rfc1034identifier)";
				PRODUCT_NAME = "$(TARGET_NAME)";
				PROVISIONING_PROFILE = "";
				SWIFT_SWIFT3_OBJC_INFERENCE = Default;
				SWIFT_VERSION = 4.0;
			};
			name = Release;
		};
		746EC0C51AC0F59800A7DAD8 /* Debug */ = {
			isa = XCBuildConfiguration;
			buildSettings = {
				BUNDLE_LOADER = "$(TEST_HOST)";
				FRAMEWORK_SEARCH_PATHS = "";
				GCC_PREPROCESSOR_DEFINITIONS = (
					"DEBUG=1",
					"$(inherited)",
				);
				INFOPLIST_FILE = "Ball HeroTests/Info.plist";
				LD_RUNPATH_SEARCH_PATHS = "$(inherited) @executable_path/Frameworks";
				PRODUCT_BUNDLE_IDENTIFIER = "com.appityappapp.$(PRODUCT_NAME:rfc1034identifier)";
				PRODUCT_NAME = "$(TARGET_NAME)";
				SWIFT_SWIFT3_OBJC_INFERENCE = Default;
				SWIFT_VERSION = 4.0;
				TEST_HOST = "$(BUILT_PRODUCTS_DIR)/Ball Hero.app/Ball Hero";
			};
			name = Debug;
		};
		746EC0C61AC0F59800A7DAD8 /* Release */ = {
			isa = XCBuildConfiguration;
			buildSettings = {
				BUNDLE_LOADER = "$(TEST_HOST)";
				FRAMEWORK_SEARCH_PATHS = "";
				INFOPLIST_FILE = "Ball HeroTests/Info.plist";
				LD_RUNPATH_SEARCH_PATHS = "$(inherited) @executable_path/Frameworks";
				PRODUCT_BUNDLE_IDENTIFIER = "com.appityappapp.$(PRODUCT_NAME:rfc1034identifier)";
				PRODUCT_NAME = "$(TARGET_NAME)";
				SWIFT_SWIFT3_OBJC_INFERENCE = Default;
				SWIFT_VERSION = 4.0;
				TEST_HOST = "$(BUILT_PRODUCTS_DIR)/Ball Hero.app/Ball Hero";
			};
			name = Release;
		};
/* End XCBuildConfiguration section */

/* Begin XCConfigurationList section */
		746EC0991AC0F59800A7DAD8 /* Build configuration list for PBXProject "Ball Hero" */ = {
			isa = XCConfigurationList;
			buildConfigurations = (
				746EC0BF1AC0F59800A7DAD8 /* Debug */,
				746EC0C01AC0F59800A7DAD8 /* Release */,
			);
			defaultConfigurationIsVisible = 0;
			defaultConfigurationName = Release;
		};
		746EC0C11AC0F59800A7DAD8 /* Build configuration list for PBXNativeTarget "Ball Hero" */ = {
			isa = XCConfigurationList;
			buildConfigurations = (
				746EC0C21AC0F59800A7DAD8 /* Debug */,
				746EC0C31AC0F59800A7DAD8 /* Release */,
			);
			defaultConfigurationIsVisible = 0;
			defaultConfigurationName = Release;
		};
		746EC0C41AC0F59800A7DAD8 /* Build configuration list for PBXNativeTarget "Ball HeroTests" */ = {
			isa = XCConfigurationList;
			buildConfigurations = (
				746EC0C51AC0F59800A7DAD8 /* Debug */,
				746EC0C61AC0F59800A7DAD8 /* Release */,
			);
			defaultConfigurationIsVisible = 0;
			defaultConfigurationName = Release;
		};
/* End XCConfigurationList section */
	};
	rootObject = 746EC0961AC0F59800A7DAD8 /* Project object */;
}
